
Microsoft Visual Studio Solution File, Format Version 12.00
# Visual Studio Version 17
VisualStudioVersion = 17.0.31903.59
MinimumVisualStudioVersion = 10.0.40219.1
Project("{FAE04EC0-301F-11D3-BF4B-00C04F79EFBC}") = "Jifity", "Jifity.csproj", "{CA65A158-04F5-41B0-980D-9F29941AE4B6}"
EndProject
Global
	GlobalSection(SolutionConfigurationPlatforms) = preSolution
		Debug|Any CPU = Debug|Any CPU
		Release|Any CPU = Release|Any CPU
	EndGlobalSection
	GlobalSection(ProjectConfigurationPlatforms) = postSolution
		{CA65A158-04F5-41B0-980D-9F29941AE4B6}.Debug|Any CPU.ActiveCfg = Debug|Any CPU
		{CA65A158-04F5-41B0-980D-9F29941AE4B6}.Debug|Any CPU.Build.0 = Debug|Any CPU
		{CA65A158-04F5-41B0-980D-9F29941AE4B6}.Release|Any CPU.ActiveCfg = Release|Any CPU
		{CA65A158-04F5-41B0-980D-9F29941AE4B6}.Release|Any CPU.Build.0 = Release|Any CPU
	EndGlobalSection
	GlobalSection(SolutionProperties) = preSolution
		HideSolutionNode = FALSE
	EndGlobalSection
	GlobalSection(ExtensibilityGlobals) = postSolution
		SolutionGuid = {5F9F0CE3-097B-4136-8107-C5B3027915F8}
	EndGlobalSection
EndGlobal
